
Microsoft Visual Studio Solution File, Format Version 12.00
# Visual Studio Version 17
VisualStudioVersion = 17.5.33516.290
MinimumVisualStudioVersion = 10.0.40219.1
Project("{9A19103F-16F7-4668-BE54-9A1E7A4F7556}") = "WebApplication2", "WebApplication2\WebApplication2.csproj", "{D3FAB757-E9B6-47F1-8C8C-08D50D605F31}"
EndProject
Global
	GlobalSection(SolutionConfigurationPlatforms) = preSolution
		Debug|Any CPU = Debug|Any CPU
		Release|Any CPU = Release|Any CPU
	EndGlobalSection
	GlobalSection(ProjectConfigurationPlatforms) = postSolution
		{D3FAB757-E9B6-47F1-8C8C-08D50D605F31}.Debug|Any CPU.ActiveCfg = Debug|Any CPU
		{D3FAB757-E9B6-47F1-8C8C-08D50D605F31}.Debug|Any CPU.Build.0 = Debug|Any CPU
		{D3FAB757-E9B6-47F1-8C8C-08D50D605F31}.Release|Any CPU.ActiveCfg = Release|Any CPU
		{D3FAB757-E9B6-47F1-8C8C-08D50D605F31}.Release|Any CPU.Build.0 = Release|Any CPU
	EndGlobalSection
	GlobalSection(SolutionProperties) = preSolution
		HideSolutionNode = FALSE
	EndGlobalSection
	GlobalSection(ExtensibilityGlobals) = postSolution
		SolutionGuid = {1411928B-883B-4C47-8D49-DCFC4387DF48}
	EndGlobalSection
EndGlobal
